
Microsoft Visual Studio Solution File, Format Version 12.00
# Visual Studio 15
VisualStudioVersion = 15.0.28010.2036
MinimumVisualStudioVersion = 10.0.40219.1
Project("{FAE04EC0-301F-11D3-BF4B-00C04F79EFBC}") = "AAfruit", "AAfruit\AAfruit.csproj", "{1F2E962F-9AD8-434E-AD51-F2C8EE2876A8}"
EndProject
Project("{FAE04EC0-301F-11D3-BF4B-00C04F79EFBC}") = "AAfruitWholesale", "AAfruitWholesale\AAfruitWholesale.csproj", "{758E5E80-8A92-4E17-A31D-42AE03BA067E}"
EndProject
Project("{FAE04EC0-301F-11D3-BF4B-00C04F79EFBC}") = "AAfruitCustomer", "AAfruitCustomer\AAfruitCustomer.csproj", "{62D02F2F-F5A1-4338-B7BD-DC79F78D726A}"
EndProject
Project("{FAE04EC0-301F-11D3-BF4B-00C04F79EFBC}") = "BusinessLayer", "BusinessLayer\BusinessLayer.csproj", "{FBEE548D-4E44-4A2F-A351-35428A776836}"
EndProject
Global
	GlobalSection(SolutionConfigurationPlatforms) = preSolution
		Debug|Any CPU = Debug|Any CPU
		Release|Any CPU = Release|Any CPU
	EndGlobalSection
	GlobalSection(ProjectConfigurationPlatforms) = postSolution
		{1F2E962F-9AD8-434E-AD51-F2C8EE2876A8}.Debug|Any CPU.ActiveCfg = Debug|Any CPU
		{1F2E962F-9AD8-434E-AD51-F2C8EE2876A8}.Debug|Any CPU.Build.0 = Debug|Any CPU
		{1F2E962F-9AD8-434E-AD51-F2C8EE2876A8}.Release|Any CPU.ActiveCfg = Release|Any CPU
		{1F2E962F-9AD8-434E-AD51-F2C8EE2876A8}.Release|Any CPU.Build.0 = Release|Any CPU
		{758E5E80-8A92-4E17-A31D-42AE03BA067E}.Debug|Any CPU.ActiveCfg = Debug|Any CPU
		{758E5E80-8A92-4E17-A31D-42AE03BA067E}.Debug|Any CPU.Build.0 = Debug|Any CPU
		{758E5E80-8A92-4E17-A31D-42AE03BA067E}.Release|Any CPU.ActiveCfg = Release|Any CPU
		{758E5E80-8A92-4E17-A31D-42AE03BA067E}.Release|Any CPU.Build.0 = Release|Any CPU
		{62D02F2F-F5A1-4338-B7BD-DC79F78D726A}.Debug|Any CPU.ActiveCfg = Debug|Any CPU
		{62D02F2F-F5A1-4338-B7BD-DC79F78D726A}.Debug|Any CPU.Build.0 = Debug|Any CPU
		{62D02F2F-F5A1-4338-B7BD-DC79F78D726A}.Release|Any CPU.ActiveCfg = Release|Any CPU
		{62D02F2F-F5A1-4338-B7BD-DC79F78D726A}.Release|Any CPU.Build.0 = Release|Any CPU
		{FBEE548D-4E44-4A2F-A351-35428A776836}.Debug|Any CPU.ActiveCfg = Debug|Any CPU
		{FBEE548D-4E44-4A2F-A351-35428A776836}.Debug|Any CPU.Build.0 = Debug|Any CPU
		{FBEE548D-4E44-4A2F-A351-35428A776836}.Release|Any CPU.ActiveCfg = Release|Any CPU
		{FBEE548D-4E44-4A2F-A351-35428A776836}.Release|Any CPU.Build.0 = Release|Any CPU
	EndGlobalSection
	GlobalSection(SolutionProperties) = preSolution
		HideSolutionNode = FALSE
	EndGlobalSection
	GlobalSection(ExtensibilityGlobals) = postSolution
		SolutionGuid = {25843AA0-E0D5-476B-B231-FA0E57A42103}
	EndGlobalSection
EndGlobal
